{
  "version": "2",
  "remote": {
    "https://deno.land/std@0.192.0/_util/asserts.ts": "178dfc49a464aee693a7e285567b3d0b555dc805ff490505a8aae34f9cfb1462",
    "https://deno.land/std@0.192.0/bytes/concat.ts": "d26d6f3d7922e6d663dacfcd357563b7bf4a380ce5b9c2bbe0c8586662f25ce2",
    "https://deno.land/std@0.192.0/bytes/copy.ts": "939d89e302a9761dcf1d9c937c7711174ed74c59eef40a1e4569a05c9de88219",
    "https://deno.land/std@0.192.0/crypto/_fnv/fnv32.ts": "e4649dfdefc5c987ed53c3c25db62db771a06d9d1b9c36d2b5cf0853b8e82153",
    "https://deno.land/std@0.192.0/crypto/_fnv/fnv64.ts": "bfa0e4702061fdb490a14e6bf5f9168a22fb022b307c5723499469bfefca555e",
    "https://deno.land/std@0.192.0/crypto/_fnv/mod.ts": "f956a95f58910f223e420340b7404702ecd429603acd4491fa77af84f746040c",
    "https://deno.land/std@0.192.0/crypto/_fnv/util.ts": "accba12bfd80a352e32a872f87df2a195e75561f1b1304a4cb4f5a4648d288f9",
    "https://deno.land/std@0.192.0/crypto/_wasm/lib/deno_std_wasm_crypto.generated.mjs": "85b50eee2e511584698c04f1d84155e57452ea963106fee64987c326e9e5d25d",
    "https://deno.land/std@0.192.0/crypto/_wasm/mod.ts": "973058e70052c98292b567d1c8396dffc28d6dfc6a44f0763032f6fbdf5222f5",
    "https://deno.land/std@0.192.0/crypto/crypto.ts": "4cae012d2022bc1470f548354a2e1a998f751eaddab6ab83dfb995948ba0b89d",
    "https://deno.land/std@0.192.0/crypto/keystack.ts": "877ab0f19eb7d37ad6495190d3c3e39f58e9c52e0b6a966f82fd6df67ca55f90",
    "https://deno.land/std@0.192.0/crypto/mod.ts": "ae384519e85eca9aeff4e7111ed153df8f3dbda7b35b70850ed4b3e9c8cec4d5",
    "https://deno.land/std@0.192.0/crypto/timing_safe_equal.ts": "0fae34ee02264f309ae0b6e54e9746a7aba3996e5454903ed106967a7a9ef665",
    "https://deno.land/std@0.192.0/crypto/to_hash_string.ts": "6927c768f3e373a1be4a31555a45ccecf7bd413105455cc334ad3f908cfa986f",
    "https://deno.land/std@0.192.0/encoding/base64.ts": "144ae6234c1fbe5b68666c711dc15b1e9ee2aef6d42b3b4345bf9a6c91d70d0d",
    "https://deno.land/std@0.192.0/encoding/base64url.ts": "2ed4ba122b20fedf226c5d337cf22ee2024fa73a8f85d915d442af7e9ce1fae1",
    "https://deno.land/std@0.192.0/encoding/hex.ts": "b4b1a7cb678745b0bf181ed8cf2498c7be00d121a7de244b752fbf9c7d9c48cd",
    "https://deno.land/std@0.192.0/flags/mod.ts": "17f444ddbee43c5487568de0c6a076c7729cfe90d96d2ffcd2b8f8adadafb6e8",
    "https://deno.land/std@0.192.0/fmt/colors.ts": "d67e3cd9f472535241a8e410d33423980bec45047e343577554d3356e1f0ef4e",
    "https://deno.land/std@0.192.0/io/buf_reader.ts": "06fff3337091c49e99ebd2dd790c9a90364c087a2953ea081667400fd6c6cebb",
    "https://deno.land/std@0.192.0/io/read_lines.ts": "c526c12a20a9386dc910d500f9cdea43cba974e853397790bd146817a7eef8cc",
    "https://deno.land/std@0.192.0/testing/_diff.ts": "1a3c044aedf77647d6cac86b798c6417603361b66b54c53331b312caeb447aea",
    "https://deno.land/std@0.192.0/testing/_format.ts": "a69126e8a469009adf4cf2a50af889aca364c349797e63174884a52ff75cf4c7",
    "https://deno.land/std@0.192.0/testing/asserts.ts": "e16d98b4d73ffc4ed498d717307a12500ae4f2cbe668f1a215632d19fcffc22f",
    "https://deno.land/std@0.192.0/types.d.ts": "dbaeb2c4d7c526db9828fc8df89d8aecf53b9ced72e0c4568f97ddd8cda616a4",
    "https://deno.land/x/htpasswd@v0.2.0/deps.ts": "afde2393c81ee63c176117e7ac2d97779ad2dd75a46b76c17cf0d4558d2ca1df",
    "https://deno.land/x/htpasswd@v0.2.0/main.ts": "f2f0c7b3a4546384fb40781eeae5702028d52bb0b3a39bcdf94eeaa5ca16e12b",
    "https://esm.sh/hash-wasm@4.9.0": "7d2e5c82b84ae3d127faba6252b5f8a0f4dd63ee65115201aa26680c590b45d3",
    "https://esm.sh/v127/hash-wasm@4.9.0/denonext/hash-wasm.mjs": "eed9d5948543e5bfc4420a68ed79946c732328a7dd50705470a874bd1ee45a92",
    "https://esm.sh/v127/hash-wasm@4.9.0/dist/lib/WASMInterface.d.ts": "3f743cdf7dacd46b5bce97e17a0795d63d35be77a57038f297348301ccd15bf9",
    "https://esm.sh/v127/hash-wasm@4.9.0/dist/lib/adler32.d.ts": "abd7ba1db306fb2e283e1a81e43bc042cc18d09bd0712e6661498848ccba4a0a",
    "https://esm.sh/v127/hash-wasm@4.9.0/dist/lib/argon2.d.ts": "8a17f169e4cb1bc8abcac944bf504cf2cda6b57303ba2ccc9861148c6fabc279",
    "https://esm.sh/v127/hash-wasm@4.9.0/dist/lib/bcrypt.d.ts": "565f700510385e03b723ce098c6eaaab743debdf8045f0fcf152a49b7f640fde",
    "https://esm.sh/v127/hash-wasm@4.9.0/dist/lib/blake2b.d.ts": "034ef35a0ccf720fdbac9655f9485154bb12f4f5fecaec6335a42dd53d00d881",
    "https://esm.sh/v127/hash-wasm@4.9.0/dist/lib/blake2s.d.ts": "1a1d0c0399d7841d4b7b5e9ee021d3b8e4c0826aed38865fc823eabddc03fec0",
    "https://esm.sh/v127/hash-wasm@4.9.0/dist/lib/blake3.d.ts": "76598c587aaacc5309212aa40b5534130c8b7bbe416119f19e03fea23615b467",
    "https://esm.sh/v127/hash-wasm@4.9.0/dist/lib/crc32.d.ts": "809afb1625ec1f18e9e2b845790e755d888c4e185197dae7d9d58962f665a170",
    "https://esm.sh/v127/hash-wasm@4.9.0/dist/lib/crc32c.d.ts": "aa40b7e70a31618a6e231528ea4471b9255dee01a1537b0be1809967192feaee",
    "https://esm.sh/v127/hash-wasm@4.9.0/dist/lib/hmac.d.ts": "ff47e92a4134962d966ea37e9c5411effac2094ac619e0aabf063e636f58fd03",
    "https://esm.sh/v127/hash-wasm@4.9.0/dist/lib/index.d.ts": "14be32bdf101ddf84f72e61426474f106c524293dfe9137b80e93f9385540a95",
    "https://esm.sh/v127/hash-wasm@4.9.0/dist/lib/keccak.d.ts": "f279da9ea3bc9b68afe619a372e8554940ca873d055847c52cffb043ef07f8ac",
    "https://esm.sh/v127/hash-wasm@4.9.0/dist/lib/md4.d.ts": "57c85b88d711121a4f1165444012c8cbe65a3b85cc2c86bb7cbe942ccc2df4d4",
    "https://esm.sh/v127/hash-wasm@4.9.0/dist/lib/md5.d.ts": "b44edf88fcc8bcf60ec91145d200da095ac7afa4556d71985f9bda2ccdcf95b8",
    "https://esm.sh/v127/hash-wasm@4.9.0/dist/lib/pbkdf2.d.ts": "8758801fb9ddddff3180ba81f150ec505593f7b5e3e686234affa1661ea6eb33",
    "https://esm.sh/v127/hash-wasm@4.9.0/dist/lib/ripemd160.d.ts": "fed963a9a1758f7ecc48bc82a0e775d92d6c72b51afdd3ec7b164d4726a69f22",
    "https://esm.sh/v127/hash-wasm@4.9.0/dist/lib/scrypt.d.ts": "87efafd1d7cd254eaf565e40dcf8d940c399eb53f27aae67b5f9b66b534f5d06",
    "https://esm.sh/v127/hash-wasm@4.9.0/dist/lib/sha1.d.ts": "6b8c3086b024c80c0dad342ef053f67378996c84ee7d39937beeacded741f96d",
    "https://esm.sh/v127/hash-wasm@4.9.0/dist/lib/sha224.d.ts": "bf605135a52fe83750d68813ad3bce487fd84806bb0082a305f902e0c9af93ef",
    "https://esm.sh/v127/hash-wasm@4.9.0/dist/lib/sha256.d.ts": "e2fc5ae451e9a6acdbb88294366aaae9e67e473ff5caacd99e5f8dc4c3f2c53c",
    "https://esm.sh/v127/hash-wasm@4.9.0/dist/lib/sha3.d.ts": "a11a6160c5c8d40cb70c47f630a2b3df7aeb42f09249cb6f80bfc1b1df799236",
    "https://esm.sh/v127/hash-wasm@4.9.0/dist/lib/sha384.d.ts": "59ee2044350d08bb537142143ce8f3993a71977c44644639d0181e35697cec28",
    "https://esm.sh/v127/hash-wasm@4.9.0/dist/lib/sha512.d.ts": "0b3a6351ce8cd4fc19649098124c4391cabffdeaf0ecf1696d0f67dce316431c",
    "https://esm.sh/v127/hash-wasm@4.9.0/dist/lib/sm3.d.ts": "8fa4932e83d3fd318d293cd0aa45531bfaf538ea8430d8c7bb8a4ccc526b4644",
    "https://esm.sh/v127/hash-wasm@4.9.0/dist/lib/util.d.ts": "0216928735f7f8415bfee2499d966c9f107ba26963fa10e92430e62ff51ac4c0",
    "https://esm.sh/v127/hash-wasm@4.9.0/dist/lib/whirlpool.d.ts": "ee27fc17b0b0e3fe96533207a4d3172629d03bb4c2e6dcc3f1967a4cf9965f58",
    "https://esm.sh/v127/hash-wasm@4.9.0/dist/lib/xxhash128.d.ts": "b47f5d2e4fd6374aa7f24685504100a8374d70984a3a5f0e919068ee1b900868",
    "https://esm.sh/v127/hash-wasm@4.9.0/dist/lib/xxhash3.d.ts": "5a63306ef1416f42cde9c7e5c5afabc22d8b4c9e0a032901460a81836d529eeb",
    "https://esm.sh/v127/hash-wasm@4.9.0/dist/lib/xxhash32.d.ts": "374f24ee2a4ac05459a26c916e18da8cb86ddd0055f1456c9359534ecbefbff3",
    "https://esm.sh/v127/hash-wasm@4.9.0/dist/lib/xxhash64.d.ts": "ad2fb63bdd210bcd2617312ec9b1a0d77b7ab6558a0272654e7965139f831ae1",
    "https://esm.sh/v127/node.ns.d.ts": "0fb081f0cd2150931bd54baa04f31466abd9ca701fd9060d07931402cf8367ba"
  }
}
